// !$*UTF8*$!
{
	archiveVersion = 1;
	classes = {
	};
	objectVersion = 50;
	objects = {

/* Begin PBXBuildFile section */
		3E2AD09C25349D88006C5446 /* AppDelegate.swift in Sources */ = {isa = PBXBuildFile; fileRef = 3E2AD09B25349D88006C5446 /* AppDelegate.swift */; };
		3E2AD09E25349D88006C5446 /* SceneDelegate.swift in Sources */ = {isa = PBXBuildFile; fileRef = 3E2AD09D25349D88006C5446 /* SceneDelegate.swift */; };
		3E2AD0A025349D88006C5446 /* ContentView.swift in Sources */ = {isa = PBXBuildFile; fileRef = 3E2AD09F25349D88006C5446 /* ContentView.swift */; };
		3E2AD0A225349D8A006C5446 /* Assets.xcassets in Resources */ = {isa = PBXBuildFile; fileRef = 3E2AD0A125349D8A006C5446 /* Assets.xcassets */; };
		3E2AD0A525349D8A006C5446 /* Preview Assets.xcassets in Resources */ = {isa = PBXBuildFile; fileRef = 3E2AD0A425349D8A006C5446 /* Preview Assets.xcassets */; };
		3E2AD0A825349D8A006C5446 /* LaunchScreen.storyboard in Resources */ = {isa = PBXBuildFile; fileRef = 3E2AD0A625349D8A006C5446 /* LaunchScreen.storyboard */; };
		3E2AD0B02535907B006C5446 /* RowView.swift in Sources */ = {isa = PBXBuildFile; fileRef = 3E2AD0AF2535907B006C5446 /* RowView.swift */; };
		3E2AD0B425359474006C5446 /* SearchResultModel.swift in Sources */ = {isa = PBXBuildFile; fileRef = 3E2AD0B325359474006C5446 /* SearchResultModel.swift */; };
		3E2AD0B62535A569006C5446 /* SearchBar.swift in Sources */ = {isa = PBXBuildFile; fileRef = 3E2AD0B52535A569006C5446 /* SearchBar.swift */; };
/* End PBXBuildFile section */

/* Begin PBXFileReference section */
		3E2AD09825349D88006C5446 /* SearchFlow.app */ = {isa = PBXFileReference; explicitFileType = wrapper.application; includeInIndex = 0; path = SearchFlow.app; sourceTree = BUILT_PRODUCTS_DIR; };
		3E2AD09B25349D88006C5446 /* AppDelegate.swift */ = {isa = PBXFileReference; lastKnownFileType = sourcecode.swift; path = AppDelegate.swift; sourceTree = "<group>"; };
		3E2AD09D25349D88006C5446 /* SceneDelegate.swift */ = {isa = PBXFileReference; lastKnownFileType = sourcecode.swift; path = SceneDelegate.swift; sourceTree = "<group>"; };
		3E2AD09F25349D88006C5446 /* ContentView.swift */ = {isa = PBXFileReference; lastKnownFileType = sourcecode.swift; path = ContentView.swift; sourceTree = "<group>"; };
		3E2AD0A125349D8A006C5446 /* Assets.xcassets */ = {isa = PBXFileReference; lastKnownFileType = folder.assetcatalog; path = Assets.xcassets; sourceTree = "<group>"; };
		3E2AD0A425349D8A006C5446 /* Preview Assets.xcassets */ = {isa = PBXFileReference; lastKnownFileType = folder.assetcatalog; path = "Preview Assets.xcassets"; sourceTree = "<group>"; };
		3E2AD0A725349D8A006C5446 /* Base */ = {isa = PBXFileReference; lastKnownFileType = file.storyboard; name = Base; path = Base.lproj/LaunchScreen.storyboard; sourceTree = "<group>"; };
		3E2AD0A925349D8A006C5446 /* Info.plist */ = {isa = PBXFileReference; lastKnownFileType = text.plist.xml; path = Info.plist; sourceTree = "<group>"; };
		3E2AD0AF2535907B006C5446 /* RowView.swift */ = {isa = PBXFileReference; lastKnownFileType = sourcecode.swift; path = RowView.swift; sourceTree = "<group>"; };
		3E2AD0B325359474006C5446 /* SearchResultModel.swift */ = {isa = PBXFileReference; lastKnownFileType = sourcecode.swift; path = SearchResultModel.swift; sourceTree = "<group>"; };
		3E2AD0B52535A569006C5446 /* SearchBar.swift */ = {isa = PBXFileReference; lastKnownFileType = sourcecode.swift; path = SearchBar.swift; sourceTree = "<group>"; };
/* End PBXFileReference section */

/* Begin PBXFrameworksBuildPhase section */
		3E2AD09525349D88006C5446 /* Frameworks */ = {
			isa = PBXFrameworksBuildPhase;
			buildActionMask = 2147483647;
			files = (
			);
			runOnlyForDeploymentPostprocessing = 0;
		};
/* End PBXFrameworksBuildPhase section */

/* Begin PBXGroup section */
		3E2AD08F25349D88006C5446 = {
			isa = PBXGroup;
			children = (
				3E2AD09A25349D88006C5446 /* SearchFlow */,
				3E2AD09925349D88006C5446 /* Products */,
			);
			sourceTree = "<group>";
		};
		3E2AD09925349D88006C5446 /* Products */ = {
			isa = PBXGroup;
			children = (
				3E2AD09825349D88006C5446 /* SearchFlow.app */,
			);
			name = Products;
			sourceTree = "<group>";
		};
		3E2AD09A25349D88006C5446 /* SearchFlow */ = {
			isa = PBXGroup;
			children = (
				3E2AD09B25349D88006C5446 /* AppDelegate.swift */,
				3E2AD09D25349D88006C5446 /* SceneDelegate.swift */,
				3E2AD09F25349D88006C5446 /* ContentView.swift */,
				3E2AD0AF2535907B006C5446 /* RowView.swift */,
				3E2AD0B52535A569006C5446 /* SearchBar.swift */,
				3E2AD0B325359474006C5446 /* SearchResultModel.swift */,
				3E2AD0A125349D8A006C5446 /* Assets.xcassets */,
				3E2AD0A625349D8A006C5446 /* LaunchScreen.storyboard */,
				3E2AD0A925349D8A006C5446 /* Info.plist */,
				3E2AD0A325349D8A006C5446 /* Preview Content */,
			);
			path = SearchFlow;
			sourceTree = "<group>";
		};
		3E2AD0A325349D8A006C5446 /* Preview Content */ = {
			isa = PBXGroup;
			children = (
				3E2AD0A425349D8A006C5446 /* Preview Assets.xcassets */,
			);
			path = "Preview Content";
			sourceTree = "<group>";
		};
/* End PBXGroup section */

/* Begin PBXNativeTarget section */
		3E2AD09725349D88006C5446 /* SearchFlow */ = {
			isa = PBXNativeTarget;
			buildConfigurationList = 3E2AD0AC25349D8A006C5446 /* Build configuration list for PBXNativeTarget "SearchFlow" */;
			buildPhases = (
				3E2AD09425349D88006C5446 /* Sources */,
				3E2AD09525349D88006C5446 /* Frameworks */,
				3E2AD09625349D88006C5446 /* Resources */,
			);
			buildRules = (
			);
			dependencies = (
			);
			name = SearchFlow;
			productName = SearchFlow;
			productReference = 3E2AD09825349D88006C5446 /* SearchFlow.app */;
			productType = "com.apple.product-type.application";
		};
/* End PBXNativeTarget section */

/* Begin PBXProject section */
		3E2AD09025349D88006C5446 /* Project object */ = {
			isa = PBXProject;
			attributes = {
				LastSwiftUpdateCheck = 1110;
				LastUpgradeCheck = 1110;
				ORGANIZATIONNAME = "杨旗";
				TargetAttributes = {
					3E2AD09725349D88006C5446 = {
						CreatedOnToolsVersion = 11.1;
					};
				};
			};
			buildConfigurationList = 3E2AD09325349D88006C5446 /* Build configuration list for PBXProject "SearchFlow" */;
			compatibilityVersion = "Xcode 9.3";
			developmentRegion = en;
			hasScannedForEncodings = 0;
			knownRegions = (
				en,
				Base,
			);
			mainGroup = 3E2AD08F25349D88006C5446;
			productRefGroup = 3E2AD09925349D88006C5446 /* Products */;
			projectDirPath = "";
			projectRoot = "";
			targets = (
				3E2AD09725349D88006C5446 /* SearchFlow */,
			);
		};
/* End PBXProject section */

/* Begin PBXResourcesBuildPhase section */
		3E2AD09625349D88006C5446 /* Resources */ = {
			isa = PBXResourcesBuildPhase;
			buildActionMask = 2147483647;
			files = (
				3E2AD0A825349D8A006C5446 /* LaunchScreen.storyboard in Resources */,
				3E2AD0A525349D8A006C5446 /* Preview Assets.xcassets in Resources */,
				3E2AD0A225349D8A006C5446 /* Assets.xcassets in Resources */,
			);
			runOnlyForDeploymentPostprocessing = 0;
		};
/* End PBXResourcesBuildPhase section */

/* Begin PBXSourcesBuildPhase section */
		3E2AD09425349D88006C5446 /* Sources */ = {
			isa = PBXSourcesBuildPhase;
			buildActionMask = 2147483647;
			files = (
				3E2AD0B62535A569006C5446 /* SearchBar.swift in Sources */,
				3E2AD09C25349D88006C5446 /* AppDelegate.swift in Sources */,
				3E2AD09E25349D88006C5446 /* SceneDelegate.swift in Sources */,
				3E2AD0B425359474006C5446 /* SearchResultModel.swift in Sources */,
				3E2AD0A025349D88006C5446 /* ContentView.swift in Sources */,
				3E2AD0B02535907B006C5446 /* RowView.swift in Sources */,
			);
			runOnlyForDeploymentPostprocessing = 0;
		};
/* End PBXSourcesBuildPhase section */

/* Begin PBXVariantGroup section */
		3E2AD0A625349D8A006C5446 /* LaunchScreen.storyboard */ = {
			isa = PBXVariantGroup;
			children = (
				3E2AD0A725349D8A006C5446 /* Base */,
			);
			name = LaunchScreen.storyboard;
			sourceTree = "<group>";
		};
/* End PBXVariantGroup section */

/* Begin XCBuildConfiguration section */
		3E2AD0AA25349D8A006C5446 /* Debug */ = {
			isa = XCBuildConfiguration;
			buildSettings = {
				ALWAYS_SEARCH_USER_PATHS = NO;
				CLANG_ANALYZER_NONNULL = YES;
				CLANG_ANALYZER_NUMBER_OBJECT_CONVERSION = YES_AGGRESSIVE;
				CLANG_CXX_LANGUAGE_STANDARD = "gnu++14";
				CLANG_CXX_LIBRARY = "libc++";
				CLANG_ENABLE_MODULES = YES;
				CLANG_ENABLE_OBJC_ARC = YES;
				CLANG_ENABLE_OBJC_WEAK = YES;
				CLANG_WARN_BLOCK_CAPTURE_AUTORELEASING = YES;
				CLANG_WARN_BOOL_CONVERSION = YES;
				CLANG_WARN_COMMA = YES;
				CLANG_WARN_CONSTANT_CONVERSION = YES;
				CLANG_WARN_DEPRECATED_OBJC_IMPLEMENTATIONS = YES;
				CLANG_WARN_DIRECT_OBJC_ISA_USAGE = YES_ERROR;
				CLANG_WARN_DOCUMENTATION_COMMENTS = YES;
				CLANG_WARN_EMPTY_BODY = YES;
				CLANG_WARN_ENUM_CONVERSION = YES;
				CLANG_WARN_INFINITE_RECURSION = YES;
				CLANG_WARN_INT_CONVERSION = YES;
				CLANG_WARN_NON_LITERAL_NULL_CONVERSION = YES;
				CLANG_WARN_OBJC_IMPLICIT_RETAIN_SELF = YES;
				CLANG_WARN_OBJC_LITERAL_CONVERSION = YES;
				CLANG_WARN_OBJC_ROOT_CLASS = YES_ERROR;
				CLANG_WARN_RANGE_LOOP_ANALYSIS = YES;
				CLANG_WARN_STRICT_PROTOTYPES = YES;
				CLANG_WARN_SUSPICIOUS_MOVE = YES;
				CLANG_WARN_UNGUARDED_AVAILABILITY = YES_AGGRESSIVE;
				CLANG_WARN_UNREACHABLE_CODE = YES;
				CLANG_WARN__DUPLICATE_METHOD_MATCH = YES;
				COPY_PHASE_STRIP = NO;
				DEBUG_INFORMATION_FORMAT = dwarf;
				ENABLE_STRICT_OBJC_MSGSEND = YES;
				ENABLE_TESTABILITY = YES;
				GCC_C_LANGUAGE_STANDARD = gnu11;
				GCC_DYNAMIC_NO_PIC = NO;
				GCC_NO_COMMON_BLOCKS = YES;
				GCC_OPTIMIZATION_LEVEL = 0;
				GCC_PREPROCESSOR_DEFINITIONS = (
					"DEBUG=1",
					"$(inherited)",
				);
				GCC_WARN_64_TO_32_BIT_CONVERSION = YES;
				GCC_WARN_ABOUT_RETURN_TYPE = YES_ERROR;
				GCC_WARN_UNDECLARED_SELECTOR = YES;
				GCC_WARN_UNINITIALIZED_AUTOS = YES_AGGRESSIVE;
				GCC_WARN_UNUSED_FUNCTION = YES;
				GCC_WARN_UNUSED_VARIABLE = YES;
				IPHONEOS_DEPLOYMENT_TARGET = 13.1;
				MTL_ENABLE_DEBUG_INFO = INCLUDE_SOURCE;
				MTL_FAST_MATH = YES;
				ONLY_ACTIVE_ARCH = YES;
				SDKROOT = iphoneos;
				SWIFT_ACTIVE_COMPILATION_CONDITIONS = DEBUG;
				SWIFT_OPTIMIZATION_LEVEL = "-Onone";
			};
			name = Debug;
		};
		3E2AD0AB25349D8A006C5446 /* Release */ = {
			isa = XCBuildConfiguration;
			buildSettings = {
				ALWAYS_SEARCH_USER_PATHS = NO;
				CLANG_ANALYZER_NONNULL = YES;
				CLANG_ANALYZER_NUMBER_OBJECT_CONVERSION = YES_AGGRESSIVE;
				CLANG_CXX_LANGUAGE_STANDARD = "gnu++14";
				CLANG_CXX_LIBRARY = "libc++";
				CLANG_ENABLE_MODULES = YES;
				CLANG_ENABLE_OBJC_ARC = YES;
				CLANG_ENABLE_OBJC_WEAK = YES;
				CLANG_WARN_BLOCK_CAPTURE_AUTORELEASING = YES;
				CLANG_WARN_BOOL_CONVERSION = YES;
				CLANG_WARN_COMMA = YES;
				CLANG_WARN_CONSTANT_CONVERSION = YES;
				CLANG_WARN_DEPRECATED_OBJC_IMPLEMENTATIONS = YES;
				CLANG_WARN_DIRECT_OBJC_ISA_USAGE = YES_ERROR;
				CLANG_WARN_DOCUMENTATION_COMMENTS = YES;
				CLANG_WARN_EMPTY_BODY = YES;
				CLANG_WARN_ENUM_CONVERSION = YES;
				CLANG_WARN_INFINITE_RECURSION = YES;
				CLANG_WARN_INT_CONVERSION = YES;
				CLANG_WARN_NON_LITERAL_NULL_CONVERSION = YES;
				CLANG_WARN_OBJC_IMPLICIT_RETAIN_SELF = YES;
				CLANG_WARN_OBJC_LITERAL_CONVERSION = YES;
				CLANG_WARN_OBJC_ROOT_CLASS = YES_ERROR;
				CLANG_WARN_RANGE_LOOP_ANALYSIS = YES;
				CLANG_WARN_STRICT_PROTOTYPES = YES;
				CLANG_WARN_SUSPICIOUS_MOVE = YES;
				CLANG_WARN_UNGUARDED_AVAILABILITY = YES_AGGRESSIVE;
				CLANG_WARN_UNREACHABLE_CODE = YES;
				CLANG_WARN__DUPLICATE_METHOD_MATCH = YES;
				COPY_PHASE_STRIP = NO;
				DEBUG_INFORMATION_FORMAT = "dwarf-with-dsym";
				ENABLE_NS_ASSERTIONS = NO;
				ENABLE_STRICT_OBJC_MSGSEND = YES;
				GCC_C_LANGUAGE_STANDARD = gnu11;
				GCC_NO_COMMON_BLOCKS = YES;
				GCC_WARN_64_TO_32_BIT_CONVERSION = YES;
				GCC_WARN_ABOUT_RETURN_TYPE = YES_ERROR;
				GCC_WARN_UNDECLARED_SELECTOR = YES;
				GCC_WARN_UNINITIALIZED_AUTOS = YES_AGGRESSIVE;
				GCC_WARN_UNUSED_FUNCTION = YES;
				GCC_WARN_UNUSED_VARIABLE = YES;
				IPHONEOS_DEPLOYMENT_TARGET = 13.1;
				MTL_ENABLE_DEBUG_INFO = NO;
				MTL_FAST_MATH = YES;
				SDKROOT = iphoneos;
				SWIFT_COMPILATION_MODE = wholemodule;
				SWIFT_OPTIMIZATION_LEVEL = "-O";
				VALIDATE_PRODUCT = YES;
			};
			name = Release;
		};
		3E2AD0AD25349D8A006C5446 /* Debug */ = {
			isa = XCBuildConfiguration;
			buildSettings = {
				ASSETCATALOG_COMPILER_APPICON_NAME = AppIcon;
				CODE_SIGN_STYLE = Automatic;
				DEVELOPMENT_ASSET_PATHS = "\"SearchFlow/Preview Content\"";
				DEVELOPMENT_TEAM = BTKYTC57WZ;
				ENABLE_PREVIEWS = YES;
				INFOPLIST_FILE = SearchFlow/Info.plist;
				LD_RUNPATH_SEARCH_PATHS = (
					"$(inherited)",
					"@executable_path/Frameworks",
				);
				PRODUCT_BUNDLE_IDENTIFIER = com.QiYang.SearchFlow.SearchFlow;
				PRODUCT_NAME = "$(TARGET_NAME)";
				SWIFT_VERSION = 5.0;
				TARGETED_DEVICE_FAMILY = 1;
			};
			name = Debug;
		};
		3E2AD0AE25349D8A006C5446 /* Release */ = {
			isa = XCBuildConfiguration;
			buildSettings = {
				ASSETCATALOG_COMPILER_APPICON_NAME = AppIcon;
				CODE_SIGN_STYLE = Automatic;
				DEVELOPMENT_ASSET_PATHS = "\"SearchFlow/Preview Content\"";
				DEVELOPMENT_TEAM = BTKYTC57WZ;
				ENABLE_PREVIEWS = YES;
				INFOPLIST_FILE = SearchFlow/Info.plist;
				LD_RUNPATH_SEARCH_PATHS = (
					"$(inherited)",
					"@executable_path/Frameworks",
				);
				PRODUCT_BUNDLE_IDENTIFIER = com.QiYang.SearchFlow.SearchFlow;
				PRODUCT_NAME = "$(TARGET_NAME)";
				SWIFT_VERSION = 5.0;
				TARGETED_DEVICE_FAMILY = 1;
			};
			name = Release;
		};
/* End XCBuildConfiguration section */

/* Begin XCConfigurationList section */
		3E2AD09325349D88006C5446 /* Build configuration list for PBXProject "SearchFlow" */ = {
			isa = XCConfigurationList;
			buildConfigurations = (
				3E2AD0AA25349D8A006C5446 /* Debug */,
				3E2AD0AB25349D8A006C5446 /* Release */,
			);
			defaultConfigurationIsVisible = 0;
			defaultConfigurationName = Release;
		};
		3E2AD0AC25349D8A006C5446 /* Build configuration list for PBXNativeTarget "SearchFlow" */ = {
			isa = XCConfigurationList;
			buildConfigurations = (
				3E2AD0AD25349D8A006C5446 /* Debug */,
				3E2AD0AE25349D8A006C5446 /* Release */,
			);
			defaultConfigurationIsVisible = 0;
			defaultConfigurationName = Release;
		};
/* End XCConfigurationList section */
	};
	rootObject = 3E2AD09025349D88006C5446 /* Project object */;
}
